// !$*UTF8*$!
{
	archiveVersion = 1;
	classes = {
	};
	objectVersion = 50;
	objects = {

/* Begin PBXBuildFile section */
		34665FC5268172A1003B7743 /* CollectionDetails.storyboard in Resources */ = {isa = PBXBuildFile; fileRef = 34665FC4268172A1003B7743 /* CollectionDetails.storyboard */; };
		34665FC926817372003B7743 /* CollectionDetailsViewController.swift in Sources */ = {isa = PBXBuildFile; fileRef = 34665FC826817372003B7743 /* CollectionDetailsViewController.swift */; };
		348BA124267E68300052042D /* LibraryViewController.swift in Sources */ = {isa = PBXBuildFile; fileRef = 348BA123267E68300052042D /* LibraryViewController.swift */; };
		348BA126267E6AAC0052042D /* LibraryController.swift in Sources */ = {isa = PBXBuildFile; fileRef = 348BA125267E6AAC0052042D /* LibraryController.swift */; };
		348BA128267E6DD30052042D /* CollectionsTableViewDataSource.swift in Sources */ = {isa = PBXBuildFile; fileRef = 348BA127267E6DD30052042D /* CollectionsTableViewDataSource.swift */; };
		348BA12E267E7DE50052042D /* CollectionEditor.storyboard in Resources */ = {isa = PBXBuildFile; fileRef = 348BA12D267E7DE50052042D /* CollectionEditor.storyboard */; };
		348BA130267E7E0D0052042D /* CollectionEditorViewController.swift in Sources */ = {isa = PBXBuildFile; fileRef = 348BA12F267E7E0D0052042D /* CollectionEditorViewController.swift */; };
		348BA133267E813B0052042D /* CollectionTableViewDelegate.swift in Sources */ = {isa = PBXBuildFile; fileRef = 348BA132267E813B0052042D /* CollectionTableViewDelegate.swift */; };
		348BA13526810B4B0052042D /* CollectionEditorController.swift in Sources */ = {isa = PBXBuildFile; fileRef = 348BA13426810B4B0052042D /* CollectionEditorController.swift */; };
		348BA13726811C990052042D /* MusicsDataSource.swift in Sources */ = {isa = PBXBuildFile; fileRef = 348BA13626811C990052042D /* MusicsDataSource.swift */; };
		348BA1392681230F0052042D /* MusicsTableViewCell.swift in Sources */ = {isa = PBXBuildFile; fileRef = 348BA1382681230F0052042D /* MusicsTableViewCell.swift */; };
		34901C58267D0B7800CD9020 /* AppDelegate.swift in Sources */ = {isa = PBXBuildFile; fileRef = 34901C57267D0B7800CD9020 /* AppDelegate.swift */; };
		34901C5A267D0B7800CD9020 /* SceneDelegate.swift in Sources */ = {isa = PBXBuildFile; fileRef = 34901C59267D0B7800CD9020 /* SceneDelegate.swift */; };
		34901C5C267D0B7800CD9020 /* ViewController.swift in Sources */ = {isa = PBXBuildFile; fileRef = 34901C5B267D0B7800CD9020 /* ViewController.swift */; };
		34901C5F267D0B7800CD9020 /* Main.storyboard in Resources */ = {isa = PBXBuildFile; fileRef = 34901C5D267D0B7800CD9020 /* Main.storyboard */; };
		34901C61267D0B7A00CD9020 /* Assets.xcassets in Resources */ = {isa = PBXBuildFile; fileRef = 34901C60267D0B7A00CD9020 /* Assets.xcassets */; };
		34901C64267D0B7B00CD9020 /* LaunchScreen.storyboard in Resources */ = {isa = PBXBuildFile; fileRef = 34901C62267D0B7B00CD9020 /* LaunchScreen.storyboard */; };
		34901C6F267D0F4900CD9020 /* Favorites.storyboard in Resources */ = {isa = PBXBuildFile; fileRef = 34901C6E267D0F4900CD9020 /* Favorites.storyboard */; };
		34901C71267D0F6500CD9020 /* Library.storyboard in Resources */ = {isa = PBXBuildFile; fileRef = 34901C70267D0F6500CD9020 /* Library.storyboard */; };
		34901C73267D0F7900CD9020 /* Discover.storyboard in Resources */ = {isa = PBXBuildFile; fileRef = 34901C72267D0F7900CD9020 /* Discover.storyboard */; };
		34901C77267D195E00CD9020 /* data.json in Resources */ = {isa = PBXBuildFile; fileRef = 34901C75267D195D00CD9020 /* data.json */; };
		34901C78267D195E00CD9020 /* MusicService.swift in Sources */ = {isa = PBXBuildFile; fileRef = 34901C76267D195E00CD9020 /* MusicService.swift */; };
/* End PBXBuildFile section */

/* Begin PBXFileReference section */
		34665FC4268172A1003B7743 /* CollectionDetails.storyboard */ = {isa = PBXFileReference; lastKnownFileType = file.storyboard; path = CollectionDetails.storyboard; sourceTree = "<group>"; };
		34665FC826817372003B7743 /* CollectionDetailsViewController.swift */ = {isa = PBXFileReference; lastKnownFileType = sourcecode.swift; path = CollectionDetailsViewController.swift; sourceTree = "<group>"; };
		348BA123267E68300052042D /* LibraryViewController.swift */ = {isa = PBXFileReference; lastKnownFileType = sourcecode.swift; path = LibraryViewController.swift; sourceTree = "<group>"; };
		348BA125267E6AAC0052042D /* LibraryController.swift */ = {isa = PBXFileReference; lastKnownFileType = sourcecode.swift; path = LibraryController.swift; sourceTree = "<group>"; };
		348BA127267E6DD30052042D /* CollectionsTableViewDataSource.swift */ = {isa = PBXFileReference; lastKnownFileType = sourcecode.swift; path = CollectionsTableViewDataSource.swift; sourceTree = "<group>"; };
		348BA12D267E7DE50052042D /* CollectionEditor.storyboard */ = {isa = PBXFileReference; lastKnownFileType = file.storyboard; path = CollectionEditor.storyboard; sourceTree = "<group>"; };
		348BA12F267E7E0D0052042D /* CollectionEditorViewController.swift */ = {isa = PBXFileReference; lastKnownFileType = sourcecode.swift; path = CollectionEditorViewController.swift; sourceTree = "<group>"; };
		348BA132267E813B0052042D /* CollectionTableViewDelegate.swift */ = {isa = PBXFileReference; lastKnownFileType = sourcecode.swift; path = CollectionTableViewDelegate.swift; sourceTree = "<group>"; };
		348BA13426810B4B0052042D /* CollectionEditorController.swift */ = {isa = PBXFileReference; lastKnownFileType = sourcecode.swift; path = CollectionEditorController.swift; sourceTree = "<group>"; };
		348BA13626811C990052042D /* MusicsDataSource.swift */ = {isa = PBXFileReference; lastKnownFileType = sourcecode.swift; path = MusicsDataSource.swift; sourceTree = "<group>"; };
		348BA1382681230F0052042D /* MusicsTableViewCell.swift */ = {isa = PBXFileReference; lastKnownFileType = sourcecode.swift; path = MusicsTableViewCell.swift; sourceTree = "<group>"; };
		34901C54267D0B7800CD9020 /* music-service.app */ = {isa = PBXFileReference; explicitFileType = wrapper.application; includeInIndex = 0; path = "music-service.app"; sourceTree = BUILT_PRODUCTS_DIR; };
		34901C57267D0B7800CD9020 /* AppDelegate.swift */ = {isa = PBXFileReference; lastKnownFileType = sourcecode.swift; path = AppDelegate.swift; sourceTree = "<group>"; };
		34901C59267D0B7800CD9020 /* SceneDelegate.swift */ = {isa = PBXFileReference; lastKnownFileType = sourcecode.swift; path = SceneDelegate.swift; sourceTree = "<group>"; };
		34901C5B267D0B7800CD9020 /* ViewController.swift */ = {isa = PBXFileReference; lastKnownFileType = sourcecode.swift; path = ViewController.swift; sourceTree = "<group>"; };
		34901C5E267D0B7800CD9020 /* Base */ = {isa = PBXFileReference; lastKnownFileType = file.storyboard; name = Base; path = Base.lproj/Main.storyboard; sourceTree = "<group>"; };
		34901C60267D0B7A00CD9020 /* Assets.xcassets */ = {isa = PBXFileReference; lastKnownFileType = folder.assetcatalog; path = Assets.xcassets; sourceTree = "<group>"; };
		34901C63267D0B7B00CD9020 /* Base */ = {isa = PBXFileReference; lastKnownFileType = file.storyboard; name = Base; path = Base.lproj/LaunchScreen.storyboard; sourceTree = "<group>"; };
		34901C65267D0B7B00CD9020 /* Info.plist */ = {isa = PBXFileReference; lastKnownFileType = text.plist.xml; path = Info.plist; sourceTree = "<group>"; };
		34901C6E267D0F4900CD9020 /* Favorites.storyboard */ = {isa = PBXFileReference; lastKnownFileType = file.storyboard; path = Favorites.storyboard; sourceTree = "<group>"; };
		34901C70267D0F6500CD9020 /* Library.storyboard */ = {isa = PBXFileReference; lastKnownFileType = file.storyboard; path = Library.storyboard; sourceTree = "<group>"; };
		34901C72267D0F7900CD9020 /* Discover.storyboard */ = {isa = PBXFileReference; lastKnownFileType = file.storyboard; path = Discover.storyboard; sourceTree = "<group>"; };
		34901C75267D195D00CD9020 /* data.json */ = {isa = PBXFileReference; fileEncoding = 4; lastKnownFileType = text.json; path = data.json; sourceTree = "<group>"; };
		34901C76267D195E00CD9020 /* MusicService.swift */ = {isa = PBXFileReference; fileEncoding = 4; lastKnownFileType = sourcecode.swift; path = MusicService.swift; sourceTree = "<group>"; };
/* End PBXFileReference section */

/* Begin PBXFrameworksBuildPhase section */
		34901C51267D0B7800CD9020 /* Frameworks */ = {
			isa = PBXFrameworksBuildPhase;
			buildActionMask = 2147483647;
			files = (
			);
			runOnlyForDeploymentPostprocessing = 0;
		};
/* End PBXFrameworksBuildPhase section */

/* Begin PBXGroup section */
		34665FC226817278003B7743 /* Collection Details */ = {
			isa = PBXGroup;
			children = (
				34665FC726817351003B7743 /* views */,
				34665FC32681727F003B7743 /* storyboards */,
			);
			path = "Collection Details";
			sourceTree = "<group>";
		};
		34665FC32681727F003B7743 /* storyboards */ = {
			isa = PBXGroup;
			children = (
				34665FC4268172A1003B7743 /* CollectionDetails.storyboard */,
			);
			path = storyboards;
			sourceTree = "<group>";
		};
		34665FC726817351003B7743 /* views */ = {
			isa = PBXGroup;
			children = (
				34665FC826817372003B7743 /* CollectionDetailsViewController.swift */,
			);
			path = views;
			sourceTree = "<group>";
		};
		348BA129267E7DA80052042D /* Collection Editor */ = {
			isa = PBXGroup;
			children = (
				348BA12C267E7DC70052042D /* controller */,
				348BA12B267E7DC30052042D /* views */,
				348BA12A267E7DB40052042D /* storyboards */,
			);
			path = "Collection Editor";
			sourceTree = "<group>";
		};
		348BA12A267E7DB40052042D /* storyboards */ = {
			isa = PBXGroup;
			children = (
				348BA12D267E7DE50052042D /* CollectionEditor.storyboard */,
			);
			path = storyboards;
			sourceTree = "<group>";
		};
		348BA12B267E7DC30052042D /* views */ = {
			isa = PBXGroup;
			children = (
				348BA12F267E7E0D0052042D /* CollectionEditorViewController.swift */,
				348BA13626811C990052042D /* MusicsDataSource.swift */,
				348BA1382681230F0052042D /* MusicsTableViewCell.swift */,
			);
			path = views;
			sourceTree = "<group>";
		};
		348BA12C267E7DC70052042D /* controller */ = {
			isa = PBXGroup;
			children = (
				348BA13426810B4B0052042D /* CollectionEditorController.swift */,
			);
			path = controller;
			sourceTree = "<group>";
		};
		34901C4B267D0B7800CD9020 = {
			isa = PBXGroup;
			children = (
				34901C56267D0B7800CD9020 /* music-service */,
				34901C55267D0B7800CD9020 /* Products */,
			);
			sourceTree = "<group>";
		};
		34901C55267D0B7800CD9020 /* Products */ = {
			isa = PBXGroup;
			children = (
				34901C54267D0B7800CD9020 /* music-service.app */,
			);
			name = Products;
			sourceTree = "<group>";
		};
		34901C56267D0B7800CD9020 /* music-service */ = {
			isa = PBXGroup;
			children = (
				34665FC226817278003B7743 /* Collection Details */,
				348BA129267E7DA80052042D /* Collection Editor */,
				34901C74267D194400CD9020 /* Services */,
				34901C6D267D0F3000CD9020 /* Favorites */,
				34901C6C267D0F1300CD9020 /* Library */,
				34901C6B267D0F0800CD9020 /* Discover */,
				34901C57267D0B7800CD9020 /* AppDelegate.swift */,
				34901C59267D0B7800CD9020 /* SceneDelegate.swift */,
				34901C5B267D0B7800CD9020 /* ViewController.swift */,
				34901C5D267D0B7800CD9020 /* Main.storyboard */,
				34901C60267D0B7A00CD9020 /* Assets.xcassets */,
				34901C62267D0B7B00CD9020 /* LaunchScreen.storyboard */,
				34901C65267D0B7B00CD9020 /* Info.plist */,
			);
			path = "music-service";
			sourceTree = "<group>";
		};
		34901C6B267D0F0800CD9020 /* Discover */ = {
			isa = PBXGroup;
			children = (
				34901C85267D237D00CD9020 /* controller */,
				34901C84267D237700CD9020 /* views */,
				34901C83267D236700CD9020 /* storyboards */,
			);
			path = Discover;
			sourceTree = "<group>";
		};
		34901C6C267D0F1300CD9020 /* Library */ = {
			isa = PBXGroup;
			children = (
				34901C82267D234F00CD9020 /* storyboards */,
				34901C81267D234B00CD9020 /* views */,
				34901C80267D234400CD9020 /* controller */,
			);
			path = Library;
			sourceTree = "<group>";
		};
		34901C6D267D0F3000CD9020 /* Favorites */ = {
			isa = PBXGroup;
			children = (
				34901C7F267D22C900CD9020 /* controller */,
				34901C7E267D22C300CD9020 /* views */,
				34901C7D267D22B800CD9020 /* storyboards */,
			);
			path = Favorites;
			sourceTree = "<group>";
		};
		34901C74267D194400CD9020 /* Services */ = {
			isa = PBXGroup;
			children = (
				34901C86267D25AC00CD9020 /* Music Service */,
			);
			path = Services;
			sourceTree = "<group>";
		};
		34901C7D267D22B800CD9020 /* storyboards */ = {
			isa = PBXGroup;
			children = (
				34901C6E267D0F4900CD9020 /* Favorites.storyboard */,
			);
			path = storyboards;
			sourceTree = "<group>";
		};
		34901C7E267D22C300CD9020 /* views */ = {
			isa = PBXGroup;
			children = (
			);
			path = views;
			sourceTree = "<group>";
		};
		34901C7F267D22C900CD9020 /* controller */ = {
			isa = PBXGroup;
			children = (
			);
			path = controller;
			sourceTree = "<group>";
		};
		34901C80267D234400CD9020 /* controller */ = {
			isa = PBXGroup;
			children = (
				348BA125267E6AAC0052042D /* LibraryController.swift */,
			);
			path = controller;
			sourceTree = "<group>";
		};
		34901C81267D234B00CD9020 /* views */ = {
			isa = PBXGroup;
			children = (
				348BA123267E68300052042D /* LibraryViewController.swift */,
				348BA127267E6DD30052042D /* CollectionsTableViewDataSource.swift */,
				348BA132267E813B0052042D /* CollectionTableViewDelegate.swift */,
			);
			path = views;
			sourceTree = "<group>";
		};
		34901C82267D234F00CD9020 /* storyboards */ = {
			isa = PBXGroup;
			children = (
				34901C70267D0F6500CD9020 /* Library.storyboard */,
			);
			path = storyboards;
			sourceTree = "<group>";
		};
		34901C83267D236700CD9020 /* storyboards */ = {
			isa = PBXGroup;
			children = (
				34901C72267D0F7900CD9020 /* Discover.storyboard */,
			);
			path = storyboards;
			sourceTree = "<group>";
		};
		34901C84267D237700CD9020 /* views */ = {
			isa = PBXGroup;
			children = (
			);
			path = views;
			sourceTree = "<group>";
		};
		34901C85267D237D00CD9020 /* controller */ = {
			isa = PBXGroup;
			children = (
			);
			path = controller;
			sourceTree = "<group>";
		};
		34901C86267D25AC00CD9020 /* Music Service */ = {
			isa = PBXGroup;
			children = (
				34901C75267D195D00CD9020 /* data.json */,
				34901C76267D195E00CD9020 /* MusicService.swift */,
			);
			path = "Music Service";
			sourceTree = "<group>";
		};
/* End PBXGroup section */

/* Begin PBXNativeTarget section */
		34901C53267D0B7800CD9020 /* music-service */ = {
			isa = PBXNativeTarget;
			buildConfigurationList = 34901C68267D0B7B00CD9020 /* Build configuration list for PBXNativeTarget "music-service" */;
			buildPhases = (
				34901C50267D0B7800CD9020 /* Sources */,
				34901C51267D0B7800CD9020 /* Frameworks */,
				34901C52267D0B7800CD9020 /* Resources */,
			);
			buildRules = (
			);
			dependencies = (
			);
			name = "music-service";
			productName = "music-service";
			productReference = 34901C54267D0B7800CD9020 /* music-service.app */;
			productType = "com.apple.product-type.application";
		};
/* End PBXNativeTarget section */

/* Begin PBXProject section */
		34901C4C267D0B7800CD9020 /* Project object */ = {
			isa = PBXProject;
			attributes = {
				LastSwiftUpdateCheck = 1250;
				LastUpgradeCheck = 1250;
				TargetAttributes = {
					34901C53267D0B7800CD9020 = {
						CreatedOnToolsVersion = 12.5;
					};
				};
			};
			buildConfigurationList = 34901C4F267D0B7800CD9020 /* Build configuration list for PBXProject "music-service" */;
			compatibilityVersion = "Xcode 9.3";
			developmentRegion = en;
			hasScannedForEncodings = 0;
			knownRegions = (
				en,
				Base,
			);
			mainGroup = 34901C4B267D0B7800CD9020;
			productRefGroup = 34901C55267D0B7800CD9020 /* Products */;
			projectDirPath = "";
			projectRoot = "";
			targets = (
				34901C53267D0B7800CD9020 /* music-service */,
			);
		};
/* End PBXProject section */

/* Begin PBXResourcesBuildPhase section */
		34901C52267D0B7800CD9020 /* Resources */ = {
			isa = PBXResourcesBuildPhase;
			buildActionMask = 2147483647;
			files = (
				34665FC5268172A1003B7743 /* CollectionDetails.storyboard in Resources */,
				34901C64267D0B7B00CD9020 /* LaunchScreen.storyboard in Resources */,
				34901C77267D195E00CD9020 /* data.json in Resources */,
				34901C61267D0B7A00CD9020 /* Assets.xcassets in Resources */,
				34901C71267D0F6500CD9020 /* Library.storyboard in Resources */,
				34901C6F267D0F4900CD9020 /* Favorites.storyboard in Resources */,
				348BA12E267E7DE50052042D /* CollectionEditor.storyboard in Resources */,
				34901C5F267D0B7800CD9020 /* Main.storyboard in Resources */,
				34901C73267D0F7900CD9020 /* Discover.storyboard in Resources */,
			);
			runOnlyForDeploymentPostprocessing = 0;
		};
/* End PBXResourcesBuildPhase section */

/* Begin PBXSourcesBuildPhase section */
		34901C50267D0B7800CD9020 /* Sources */ = {
			isa = PBXSourcesBuildPhase;
			buildActionMask = 2147483647;
			files = (
				34901C5C267D0B7800CD9020 /* ViewController.swift in Sources */,
				348BA130267E7E0D0052042D /* CollectionEditorViewController.swift in Sources */,
				348BA126267E6AAC0052042D /* LibraryController.swift in Sources */,
				348BA133267E813B0052042D /* CollectionTableViewDelegate.swift in Sources */,
				348BA128267E6DD30052042D /* CollectionsTableViewDataSource.swift in Sources */,
				348BA124267E68300052042D /* LibraryViewController.swift in Sources */,
				34901C58267D0B7800CD9020 /* AppDelegate.swift in Sources */,
				34665FC926817372003B7743 /* CollectionDetailsViewController.swift in Sources */,
				348BA1392681230F0052042D /* MusicsTableViewCell.swift in Sources */,
				34901C5A267D0B7800CD9020 /* SceneDelegate.swift in Sources */,
				348BA13526810B4B0052042D /* CollectionEditorController.swift in Sources */,
				348BA13726811C990052042D /* MusicsDataSource.swift in Sources */,
				34901C78267D195E00CD9020 /* MusicService.swift in Sources */,
			);
			runOnlyForDeploymentPostprocessing = 0;
		};
/* End PBXSourcesBuildPhase section */

/* Begin PBXVariantGroup section */
		34901C5D267D0B7800CD9020 /* Main.storyboard */ = {
			isa = PBXVariantGroup;
			children = (
				34901C5E267D0B7800CD9020 /* Base */,
			);
			name = Main.storyboard;
			sourceTree = "<group>";
		};
		34901C62267D0B7B00CD9020 /* LaunchScreen.storyboard */ = {
			isa = PBXVariantGroup;
			children = (
				34901C63267D0B7B00CD9020 /* Base */,
			);
			name = LaunchScreen.storyboard;
			sourceTree = "<group>";
		};
/* End PBXVariantGroup section */

/* Begin XCBuildConfiguration section */
		34901C66267D0B7B00CD9020 /* Debug */ = {
			isa = XCBuildConfiguration;
			buildSettings = {
				ALWAYS_SEARCH_USER_PATHS = NO;
				CLANG_ANALYZER_NONNULL = YES;
				CLANG_ANALYZER_NUMBER_OBJECT_CONVERSION = YES_AGGRESSIVE;
				CLANG_CXX_LANGUAGE_STANDARD = "gnu++14";
				CLANG_CXX_LIBRARY = "libc++";
				CLANG_ENABLE_MODULES = YES;
				CLANG_ENABLE_OBJC_ARC = YES;
				CLANG_ENABLE_OBJC_WEAK = YES;
				CLANG_WARN_BLOCK_CAPTURE_AUTORELEASING = YES;
				CLANG_WARN_BOOL_CONVERSION = YES;
				CLANG_WARN_COMMA = YES;
				CLANG_WARN_CONSTANT_CONVERSION = YES;
				CLANG_WARN_DEPRECATED_OBJC_IMPLEMENTATIONS = YES;
				CLANG_WARN_DIRECT_OBJC_ISA_USAGE = YES_ERROR;
				CLANG_WARN_DOCUMENTATION_COMMENTS = YES;
				CLANG_WARN_EMPTY_BODY = YES;
				CLANG_WARN_ENUM_CONVERSION = YES;
				CLANG_WARN_INFINITE_RECURSION = YES;
				CLANG_WARN_INT_CONVERSION = YES;
				CLANG_WARN_NON_LITERAL_NULL_CONVERSION = YES;
				CLANG_WARN_OBJC_IMPLICIT_RETAIN_SELF = YES;
				CLANG_WARN_OBJC_LITERAL_CONVERSION = YES;
				CLANG_WARN_OBJC_ROOT_CLASS = YES_ERROR;
				CLANG_WARN_QUOTED_INCLUDE_IN_FRAMEWORK_HEADER = YES;
				CLANG_WARN_RANGE_LOOP_ANALYSIS = YES;
				CLANG_WARN_STRICT_PROTOTYPES = YES;
				CLANG_WARN_SUSPICIOUS_MOVE = YES;
				CLANG_WARN_UNGUARDED_AVAILABILITY = YES_AGGRESSIVE;
				CLANG_WARN_UNREACHABLE_CODE = YES;
				CLANG_WARN__DUPLICATE_METHOD_MATCH = YES;
				COPY_PHASE_STRIP = NO;
				DEBUG_INFORMATION_FORMAT = dwarf;
				ENABLE_STRICT_OBJC_MSGSEND = YES;
				ENABLE_TESTABILITY = YES;
				GCC_C_LANGUAGE_STANDARD = gnu11;
				GCC_DYNAMIC_NO_PIC = NO;
				GCC_NO_COMMON_BLOCKS = YES;
				GCC_OPTIMIZATION_LEVEL = 0;
				GCC_PREPROCESSOR_DEFINITIONS = (
					"DEBUG=1",
					"$(inherited)",
				);
				GCC_WARN_64_TO_32_BIT_CONVERSION = YES;
				GCC_WARN_ABOUT_RETURN_TYPE = YES_ERROR;
				GCC_WARN_UNDECLARED_SELECTOR = YES;
				GCC_WARN_UNINITIALIZED_AUTOS = YES_AGGRESSIVE;
				GCC_WARN_UNUSED_FUNCTION = YES;
				GCC_WARN_UNUSED_VARIABLE = YES;
				IPHONEOS_DEPLOYMENT_TARGET = 14.5;
				MTL_ENABLE_DEBUG_INFO = INCLUDE_SOURCE;
				MTL_FAST_MATH = YES;
				ONLY_ACTIVE_ARCH = YES;
				SDKROOT = iphoneos;
				SWIFT_ACTIVE_COMPILATION_CONDITIONS = DEBUG;
				SWIFT_OPTIMIZATION_LEVEL = "-Onone";
			};
			name = Debug;
		};
		34901C67267D0B7B00CD9020 /* Release */ = {
			isa = XCBuildConfiguration;
			buildSettings = {
				ALWAYS_SEARCH_USER_PATHS = NO;
				CLANG_ANALYZER_NONNULL = YES;
				CLANG_ANALYZER_NUMBER_OBJECT_CONVERSION = YES_AGGRESSIVE;
				CLANG_CXX_LANGUAGE_STANDARD = "gnu++14";
				CLANG_CXX_LIBRARY = "libc++";
				CLANG_ENABLE_MODULES = YES;
				CLANG_ENABLE_OBJC_ARC = YES;
				CLANG_ENABLE_OBJC_WEAK = YES;
				CLANG_WARN_BLOCK_CAPTURE_AUTORELEASING = YES;
				CLANG_WARN_BOOL_CONVERSION = YES;
				CLANG_WARN_COMMA = YES;
				CLANG_WARN_CONSTANT_CONVERSION = YES;
				CLANG_WARN_DEPRECATED_OBJC_IMPLEMENTATIONS = YES;
				CLANG_WARN_DIRECT_OBJC_ISA_USAGE = YES_ERROR;
				CLANG_WARN_DOCUMENTATION_COMMENTS = YES;
				CLANG_WARN_EMPTY_BODY = YES;
				CLANG_WARN_ENUM_CONVERSION = YES;
				CLANG_WARN_INFINITE_RECURSION = YES;
				CLANG_WARN_INT_CONVERSION = YES;
				CLANG_WARN_NON_LITERAL_NULL_CONVERSION = YES;
				CLANG_WARN_OBJC_IMPLICIT_RETAIN_SELF = YES;
				CLANG_WARN_OBJC_LITERAL_CONVERSION = YES;
				CLANG_WARN_OBJC_ROOT_CLASS = YES_ERROR;
				CLANG_WARN_QUOTED_INCLUDE_IN_FRAMEWORK_HEADER = YES;
				CLANG_WARN_RANGE_LOOP_ANALYSIS = YES;
				CLANG_WARN_STRICT_PROTOTYPES = YES;
				CLANG_WARN_SUSPICIOUS_MOVE = YES;
				CLANG_WARN_UNGUARDED_AVAILABILITY = YES_AGGRESSIVE;
				CLANG_WARN_UNREACHABLE_CODE = YES;
				CLANG_WARN__DUPLICATE_METHOD_MATCH = YES;
				COPY_PHASE_STRIP = NO;
				DEBUG_INFORMATION_FORMAT = "dwarf-with-dsym";
				ENABLE_NS_ASSERTIONS = NO;
				ENABLE_STRICT_OBJC_MSGSEND = YES;
				GCC_C_LANGUAGE_STANDARD = gnu11;
				GCC_NO_COMMON_BLOCKS = YES;
				GCC_WARN_64_TO_32_BIT_CONVERSION = YES;
				GCC_WARN_ABOUT_RETURN_TYPE = YES_ERROR;
				GCC_WARN_UNDECLARED_SELECTOR = YES;
				GCC_WARN_UNINITIALIZED_AUTOS = YES_AGGRESSIVE;
				GCC_WARN_UNUSED_FUNCTION = YES;
				GCC_WARN_UNUSED_VARIABLE = YES;
				IPHONEOS_DEPLOYMENT_TARGET = 14.5;
				MTL_ENABLE_DEBUG_INFO = NO;
				MTL_FAST_MATH = YES;
				SDKROOT = iphoneos;
				SWIFT_COMPILATION_MODE = wholemodule;
				SWIFT_OPTIMIZATION_LEVEL = "-O";
				VALIDATE_PRODUCT = YES;
			};
			name = Release;
		};
		34901C69267D0B7B00CD9020 /* Debug */ = {
			isa = XCBuildConfiguration;
			buildSettings = {
				ASSETCATALOG_COMPILER_APPICON_NAME = AppIcon;
				ASSETCATALOG_COMPILER_GLOBAL_ACCENT_COLOR_NAME = AccentColor;
				CODE_SIGN_STYLE = Automatic;
				DEVELOPMENT_TEAM = R5QH5STGGP;
				INFOPLIST_FILE = "music-service/Info.plist";
				LD_RUNPATH_SEARCH_PATHS = (
					"$(inherited)",
					"@executable_path/Frameworks",
				);
				PRODUCT_BUNDLE_IDENTIFIER = "academy.music-service";
				PRODUCT_NAME = "$(TARGET_NAME)";
				SWIFT_VERSION = 5.0;
				TARGETED_DEVICE_FAMILY = "1,2";
			};
			name = Debug;
		};
		34901C6A267D0B7B00CD9020 /* Release */ = {
			isa = XCBuildConfiguration;
			buildSettings = {
				ASSETCATALOG_COMPILER_APPICON_NAME = AppIcon;
				ASSETCATALOG_COMPILER_GLOBAL_ACCENT_COLOR_NAME = AccentColor;
				CODE_SIGN_STYLE = Automatic;
				DEVELOPMENT_TEAM = R5QH5STGGP;
				INFOPLIST_FILE = "music-service/Info.plist";
				LD_RUNPATH_SEARCH_PATHS = (
					"$(inherited)",
					"@executable_path/Frameworks",
				);
				PRODUCT_BUNDLE_IDENTIFIER = "academy.music-service";
				PRODUCT_NAME = "$(TARGET_NAME)";
				SWIFT_VERSION = 5.0;
				TARGETED_DEVICE_FAMILY = "1,2";
			};
			name = Release;
		};
/* End XCBuildConfiguration section */

/* Begin XCConfigurationList section */
		34901C4F267D0B7800CD9020 /* Build configuration list for PBXProject "music-service" */ = {
			isa = XCConfigurationList;
			buildConfigurations = (
				34901C66267D0B7B00CD9020 /* Debug */,
				34901C67267D0B7B00CD9020 /* Release */,
			);
			defaultConfigurationIsVisible = 0;
			defaultConfigurationName = Release;
		};
		34901C68267D0B7B00CD9020 /* Build configuration list for PBXNativeTarget "music-service" */ = {
			isa = XCConfigurationList;
			buildConfigurations = (
				34901C69267D0B7B00CD9020 /* Debug */,
				34901C6A267D0B7B00CD9020 /* Release */,
			);
			defaultConfigurationIsVisible = 0;
			defaultConfigurationName = Release;
		};
/* End XCConfigurationList section */
	};
	rootObject = 34901C4C267D0B7800CD9020 /* Project object */;
}
